
Microsoft Visual Studio Solution File, Format Version 12.00
# Visual Studio Version 17
VisualStudioVersion = 17.5.002.0
MinimumVisualStudioVersion = 10.0.40219.1
Project("{2150E333-8FDC-42A3-9474-1A3956D46DE8}") = "GuidedProject", "GuidedProject", "{CE8306D0-A393-4EAB-99BF-B7F6B38D5FC0}"
EndProject
Project("{9A19103F-16F7-4668-BE54-9A1E7A4F7556}") = "Final", "GuidedProject\Final\Final.csproj", "{D8C288BE-6149-4D47-BCDB-E6439B8094C9}"
EndProject
Project("{9A19103F-16F7-4668-BE54-9A1E7A4F7556}") = "Starter", "GuidedProject\Starter\Starter.csproj", "{DC269DDB-E447-4279-88CB-8A243302C5F4}"
EndProject
Global
	GlobalSection(SolutionConfigurationPlatforms) = preSolution
		Debug|Any CPU = Debug|Any CPU
		Release|Any CPU = Release|Any CPU
	EndGlobalSection
	GlobalSection(ProjectConfigurationPlatforms) = postSolution
		{D8C288BE-6149-4D47-BCDB-E6439B8094C9}.Debug|Any CPU.ActiveCfg = Debug|Any CPU
		{D8C288BE-6149-4D47-BCDB-E6439B8094C9}.Debug|Any CPU.Build.0 = Debug|Any CPU
		{D8C288BE-6149-4D47-BCDB-E6439B8094C9}.Release|Any CPU.ActiveCfg = Release|Any CPU
		{D8C288BE-6149-4D47-BCDB-E6439B8094C9}.Release|Any CPU.Build.0 = Release|Any CPU
		{DC269DDB-E447-4279-88CB-8A243302C5F4}.Debug|Any CPU.ActiveCfg = Debug|Any CPU
		{DC269DDB-E447-4279-88CB-8A243302C5F4}.Debug|Any CPU.Build.0 = Debug|Any CPU
		{DC269DDB-E447-4279-88CB-8A243302C5F4}.Release|Any CPU.ActiveCfg = Release|Any CPU
		{DC269DDB-E447-4279-88CB-8A243302C5F4}.Release|Any CPU.Build.0 = Release|Any CPU
	EndGlobalSection
	GlobalSection(SolutionProperties) = preSolution
		HideSolutionNode = FALSE
	EndGlobalSection
	GlobalSection(NestedProjects) = preSolution
		{D8C288BE-6149-4D47-BCDB-E6439B8094C9} = {CE8306D0-A393-4EAB-99BF-B7F6B38D5FC0}
		{DC269DDB-E447-4279-88CB-8A243302C5F4} = {CE8306D0-A393-4EAB-99BF-B7F6B38D5FC0}
	EndGlobalSection
	GlobalSection(ExtensibilityGlobals) = postSolution
		SolutionGuid = {8B78DCB6-B866-450B-936C-7A64D5AF4C29}
	EndGlobalSection
EndGlobal
